// !$*UTF8*$!
{
	archiveVersion = 1;
	classes = {
	};
	objectVersion = 54;
	objects = {

/* Begin PBXBuildFile section */
		3F6ECC96274E24590024B094 /* NewConversationCell.swift in Sources */ = {isa = PBXBuildFile; fileRef = 3F6ECC95274E24580024B094 /* NewConversationCell.swift */; };
		3F6ECC98275227910024B094 /* LocationPickerViewController.swift in Sources */ = {isa = PBXBuildFile; fileRef = 3F6ECC97275227910024B094 /* LocationPickerViewController.swift */; };
		3FA41E4C26BC2E2600A43303 /* AppDelegate.swift in Sources */ = {isa = PBXBuildFile; fileRef = 3FA41E4B26BC2E2600A43303 /* AppDelegate.swift */; };
		3FA41E4E26BC2E2600A43303 /* SceneDelegate.swift in Sources */ = {isa = PBXBuildFile; fileRef = 3FA41E4D26BC2E2600A43303 /* SceneDelegate.swift */; };
		3FA41E5026BC2E2600A43303 /* ViewController.swift in Sources */ = {isa = PBXBuildFile; fileRef = 3FA41E4F26BC2E2600A43303 /* ViewController.swift */; };
		3FA41E5326BC2E2600A43303 /* Main.storyboard in Resources */ = {isa = PBXBuildFile; fileRef = 3FA41E5126BC2E2600A43303 /* Main.storyboard */; };
		3FA41E5626BC2E2600A43303 /* MessengerApp.xcdatamodeld in Sources */ = {isa = PBXBuildFile; fileRef = 3FA41E5426BC2E2600A43303 /* MessengerApp.xcdatamodeld */; };
		3FA41E5826BC2E2900A43303 /* Assets.xcassets in Resources */ = {isa = PBXBuildFile; fileRef = 3FA41E5726BC2E2900A43303 /* Assets.xcassets */; };
		3FA41E5B26BC2E2900A43303 /* LaunchScreen.storyboard in Resources */ = {isa = PBXBuildFile; fileRef = 3FA41E5926BC2E2900A43303 /* LaunchScreen.storyboard */; };
		3FA41E6626BC2E2900A43303 /* MessengerAppTests.swift in Sources */ = {isa = PBXBuildFile; fileRef = 3FA41E6526BC2E2900A43303 /* MessengerAppTests.swift */; };
		3FA41E7126BC2E2900A43303 /* MessengerAppUITests.swift in Sources */ = {isa = PBXBuildFile; fileRef = 3FA41E7026BC2E2900A43303 /* MessengerAppUITests.swift */; };
		3FA41E8B26BC30AA00A43303 /* ProfileViewController.swift in Sources */ = {isa = PBXBuildFile; fileRef = 3FA41E8A26BC30AA00A43303 /* ProfileViewController.swift */; };
		3FA41E9826BC30DD00A43303 /* NewConversationViewController.swift in Sources */ = {isa = PBXBuildFile; fileRef = 3FA41E9726BC30DD00A43303 /* NewConversationViewController.swift */; };
		3FA41E9D26BC30F700A43303 /* PhotoViwerViewController.swift in Sources */ = {isa = PBXBuildFile; fileRef = 3FA41E9C26BC30F700A43303 /* PhotoViwerViewController.swift */; };
		3FA41EA226BC310C00A43303 /* LoginViewController.swift in Sources */ = {isa = PBXBuildFile; fileRef = 3FA41EA126BC310C00A43303 /* LoginViewController.swift */; };
		3FA41EA726BC312600A43303 /* RegisterViewController.swift in Sources */ = {isa = PBXBuildFile; fileRef = 3FA41EA626BC312600A43303 /* RegisterViewController.swift */; };
		3FA41EBC26BC325B00A43303 /* Extensions.swift in Sources */ = {isa = PBXBuildFile; fileRef = 3FA41EBB26BC325B00A43303 /* Extensions.swift */; };
		3FA41F1526C1617000A43303 /* GoogleService-Info.plist in Resources */ = {isa = PBXBuildFile; fileRef = 3FA41F1426C1617000A43303 /* GoogleService-Info.plist */; };
		3FA41F1A26C2CCE100A43303 /* DatabaseManager.swift in Sources */ = {isa = PBXBuildFile; fileRef = 3FA41F1926C2CCE100A43303 /* DatabaseManager.swift */; };
		3FAABC912757488B00975141 /* ConversationModels.swift in Sources */ = {isa = PBXBuildFile; fileRef = 3FAABC902757488B00975141 /* ConversationModels.swift */; };
		3FAABC93275748E600975141 /* ChatModels.swift in Sources */ = {isa = PBXBuildFile; fileRef = 3FAABC92275748E600975141 /* ChatModels.swift */; };
		3FAABC952757497A00975141 /* SearchResult.swift in Sources */ = {isa = PBXBuildFile; fileRef = 3FAABC942757497A00975141 /* SearchResult.swift */; };
		3FC6D065273466210056927D /* WelcomeViewController.swift in Sources */ = {isa = PBXBuildFile; fileRef = 3FC6D064273466210056927D /* WelcomeViewController.swift */; };
		3FC6D06D2734806A0056927D /* WelcomeTableViewCell.swift in Sources */ = {isa = PBXBuildFile; fileRef = 3FC6D06C273480690056927D /* WelcomeTableViewCell.swift */; };
		3FD5873026F25FA700CBF688 /* ChatViewController.swift in Sources */ = {isa = PBXBuildFile; fileRef = 3FD5872F26F25FA700CBF688 /* ChatViewController.swift */; };
		3FD5875727060A5C00CBF688 /* StorageManager.swift in Sources */ = {isa = PBXBuildFile; fileRef = 3FD5875627060A5C00CBF688 /* StorageManager.swift */; };
		85B3B72E6B2C7649BAF307B3 /* Pods_MessengerApp.framework in Frameworks */ = {isa = PBXBuildFile; fileRef = 142B408140CB5309B21390DC /* Pods_MessengerApp.framework */; };
/* End PBXBuildFile section */

/* Begin PBXContainerItemProxy section */
		3FA41E6226BC2E2900A43303 /* PBXContainerItemProxy */ = {
			isa = PBXContainerItemProxy;
			containerPortal = 3FA41E4026BC2E2600A43303 /* Project object */;
			proxyType = 1;
			remoteGlobalIDString = 3FA41E4726BC2E2600A43303;
			remoteInfo = MessengerApp;
		};
		3FA41E6D26BC2E2900A43303 /* PBXContainerItemProxy */ = {
			isa = PBXContainerItemProxy;
			containerPortal = 3FA41E4026BC2E2600A43303 /* Project object */;
			proxyType = 1;
			remoteGlobalIDString = 3FA41E4726BC2E2600A43303;
			remoteInfo = MessengerApp;
		};
/* End PBXContainerItemProxy section */

/* Begin PBXFileReference section */
		142B408140CB5309B21390DC /* Pods_MessengerApp.framework */ = {isa = PBXFileReference; explicitFileType = wrapper.framework; includeInIndex = 0; path = Pods_MessengerApp.framework; sourceTree = BUILT_PRODUCTS_DIR; };
		3F6ECC95274E24580024B094 /* NewConversationCell.swift */ = {isa = PBXFileReference; lastKnownFileType = sourcecode.swift; path = NewConversationCell.swift; sourceTree = "<group>"; };
		3F6ECC97275227910024B094 /* LocationPickerViewController.swift */ = {isa = PBXFileReference; lastKnownFileType = sourcecode.swift; path = LocationPickerViewController.swift; sourceTree = "<group>"; };
		3FA41E4826BC2E2600A43303 /* MessengerApp.app */ = {isa = PBXFileReference; explicitFileType = wrapper.application; includeInIndex = 0; path = MessengerApp.app; sourceTree = BUILT_PRODUCTS_DIR; };
		3FA41E4B26BC2E2600A43303 /* AppDelegate.swift */ = {isa = PBXFileReference; lastKnownFileType = sourcecode.swift; path = AppDelegate.swift; sourceTree = "<group>"; };
		3FA41E4D26BC2E2600A43303 /* SceneDelegate.swift */ = {isa = PBXFileReference; lastKnownFileType = sourcecode.swift; path = SceneDelegate.swift; sourceTree = "<group>"; };
		3FA41E4F26BC2E2600A43303 /* ViewController.swift */ = {isa = PBXFileReference; lastKnownFileType = sourcecode.swift; path = ViewController.swift; sourceTree = "<group>"; };
		3FA41E5226BC2E2600A43303 /* Base */ = {isa = PBXFileReference; lastKnownFileType = file.storyboard; name = Base; path = Base.lproj/Main.storyboard; sourceTree = "<group>"; };
		3FA41E5526BC2E2600A43303 /* MessengerApp.xcdatamodel */ = {isa = PBXFileReference; lastKnownFileType = wrapper.xcdatamodel; path = MessengerApp.xcdatamodel; sourceTree = "<group>"; };
		3FA41E5726BC2E2900A43303 /* Assets.xcassets */ = {isa = PBXFileReference; lastKnownFileType = folder.assetcatalog; path = Assets.xcassets; sourceTree = "<group>"; };
		3FA41E5A26BC2E2900A43303 /* Base */ = {isa = PBXFileReference; lastKnownFileType = file.storyboard; name = Base; path = Base.lproj/LaunchScreen.storyboard; sourceTree = "<group>"; };
		3FA41E5C26BC2E2900A43303 /* Info.plist */ = {isa = PBXFileReference; lastKnownFileType = text.plist.xml; path = Info.plist; sourceTree = "<group>"; };
		3FA41E6126BC2E2900A43303 /* MessengerAppTests.xctest */ = {isa = PBXFileReference; explicitFileType = wrapper.cfbundle; includeInIndex = 0; path = MessengerAppTests.xctest; sourceTree = BUILT_PRODUCTS_DIR; };
		3FA41E6526BC2E2900A43303 /* MessengerAppTests.swift */ = {isa = PBXFileReference; lastKnownFileType = sourcecode.swift; path = MessengerAppTests.swift; sourceTree = "<group>"; };
		3FA41E6726BC2E2900A43303 /* Info.plist */ = {isa = PBXFileReference; lastKnownFileType = text.plist.xml; path = Info.plist; sourceTree = "<group>"; };
		3FA41E6C26BC2E2900A43303 /* MessengerAppUITests.xctest */ = {isa = PBXFileReference; explicitFileType = wrapper.cfbundle; includeInIndex = 0; path = MessengerAppUITests.xctest; sourceTree = BUILT_PRODUCTS_DIR; };
		3FA41E7026BC2E2900A43303 /* MessengerAppUITests.swift */ = {isa = PBXFileReference; lastKnownFileType = sourcecode.swift; path = MessengerAppUITests.swift; sourceTree = "<group>"; };
		3FA41E7226BC2E2900A43303 /* Info.plist */ = {isa = PBXFileReference; lastKnownFileType = text.plist.xml; path = Info.plist; sourceTree = "<group>"; };
		3FA41E8A26BC30AA00A43303 /* ProfileViewController.swift */ = {isa = PBXFileReference; lastKnownFileType = sourcecode.swift; path = ProfileViewController.swift; sourceTree = "<group>"; };
		3FA41E9726BC30DD00A43303 /* NewConversationViewController.swift */ = {isa = PBXFileReference; lastKnownFileType = sourcecode.swift; path = NewConversationViewController.swift; sourceTree = "<group>"; };
		3FA41E9C26BC30F700A43303 /* PhotoViwerViewController.swift */ = {isa = PBXFileReference; lastKnownFileType = sourcecode.swift; path = PhotoViwerViewController.swift; sourceTree = "<group>"; };
		3FA41EA126BC310C00A43303 /* LoginViewController.swift */ = {isa = PBXFileReference; lastKnownFileType = sourcecode.swift; path = LoginViewController.swift; sourceTree = "<group>"; };
		3FA41EA626BC312600A43303 /* RegisterViewController.swift */ = {isa = PBXFileReference; lastKnownFileType = sourcecode.swift; path = RegisterViewController.swift; sourceTree = "<group>"; };
		3FA41EBB26BC325B00A43303 /* Extensions.swift */ = {isa = PBXFileReference; lastKnownFileType = sourcecode.swift; path = Extensions.swift; sourceTree = "<group>"; };
		3FA41F1426C1617000A43303 /* GoogleService-Info.plist */ = {isa = PBXFileReference; fileEncoding = 4; lastKnownFileType = text.plist.xml; path = "GoogleService-Info.plist"; sourceTree = "<group>"; };
		3FA41F1926C2CCE100A43303 /* DatabaseManager.swift */ = {isa = PBXFileReference; lastKnownFileType = sourcecode.swift; path = DatabaseManager.swift; sourceTree = "<group>"; };
		3FAABC902757488B00975141 /* ConversationModels.swift */ = {isa = PBXFileReference; lastKnownFileType = sourcecode.swift; path = ConversationModels.swift; sourceTree = "<group>"; };
		3FAABC92275748E600975141 /* ChatModels.swift */ = {isa = PBXFileReference; lastKnownFileType = sourcecode.swift; path = ChatModels.swift; sourceTree = "<group>"; };
		3FAABC942757497A00975141 /* SearchResult.swift */ = {isa = PBXFileReference; lastKnownFileType = sourcecode.swift; path = SearchResult.swift; sourceTree = "<group>"; };
		3FC6D064273466210056927D /* WelcomeViewController.swift */ = {isa = PBXFileReference; lastKnownFileType = sourcecode.swift; path = WelcomeViewController.swift; sourceTree = "<group>"; };
		3FC6D06C273480690056927D /* WelcomeTableViewCell.swift */ = {isa = PBXFileReference; lastKnownFileType = sourcecode.swift; path = WelcomeTableViewCell.swift; sourceTree = "<group>"; };
		3FD5872F26F25FA700CBF688 /* ChatViewController.swift */ = {isa = PBXFileReference; lastKnownFileType = sourcecode.swift; path = ChatViewController.swift; sourceTree = "<group>"; };
		3FD5875627060A5C00CBF688 /* StorageManager.swift */ = {isa = PBXFileReference; lastKnownFileType = sourcecode.swift; path = StorageManager.swift; sourceTree = "<group>"; };
		8823CC4D6F3CA38D14E62504 /* Pods-MessengerApp.debug.xcconfig */ = {isa = PBXFileReference; includeInIndex = 1; lastKnownFileType = text.xcconfig; name = "Pods-MessengerApp.debug.xcconfig"; path = "Target Support Files/Pods-MessengerApp/Pods-MessengerApp.debug.xcconfig"; sourceTree = "<group>"; };
		F67EE31FDC0CAFB4AEDC8810 /* Pods-MessengerApp.release.xcconfig */ = {isa = PBXFileReference; includeInIndex = 1; lastKnownFileType = text.xcconfig; name = "Pods-MessengerApp.release.xcconfig"; path = "Target Support Files/Pods-MessengerApp/Pods-MessengerApp.release.xcconfig"; sourceTree = "<group>"; };
/* End PBXFileReference section */

/* Begin PBXFrameworksBuildPhase section */
		3FA41E4526BC2E2600A43303 /* Frameworks */ = {
			isa = PBXFrameworksBuildPhase;
			buildActionMask = 2147483647;
			files = (
				85B3B72E6B2C7649BAF307B3 /* Pods_MessengerApp.framework in Frameworks */,
			);
			runOnlyForDeploymentPostprocessing = 0;
		};
		3FA41E5E26BC2E2900A43303 /* Frameworks */ = {
			isa = PBXFrameworksBuildPhase;
			buildActionMask = 2147483647;
			files = (
			);
			runOnlyForDeploymentPostprocessing = 0;
		};
		3FA41E6926BC2E2900A43303 /* Frameworks */ = {
			isa = PBXFrameworksBuildPhase;
			buildActionMask = 2147483647;
			files = (
			);
			runOnlyForDeploymentPostprocessing = 0;
		};
/* End PBXFrameworksBuildPhase section */

/* Begin PBXGroup section */
		0021F9E3EB9E600838A43D16 /* Frameworks */ = {
			isa = PBXGroup;
			children = (
				142B408140CB5309B21390DC /* Pods_MessengerApp.framework */,
			);
			name = Frameworks;
			sourceTree = "<group>";
		};
		3FA41E3F26BC2E2600A43303 = {
			isa = PBXGroup;
			children = (
				3FA41E4A26BC2E2600A43303 /* MessengerApp */,
				3FA41E6426BC2E2900A43303 /* MessengerAppTests */,
				3FA41E6F26BC2E2900A43303 /* MessengerAppUITests */,
				3FA41E4926BC2E2600A43303 /* Products */,
				C0EE933A43450FE9118E0C6F /* Pods */,
				0021F9E3EB9E600838A43D16 /* Frameworks */,
			);
			sourceTree = "<group>";
		};
		3FA41E4926BC2E2600A43303 /* Products */ = {
			isa = PBXGroup;
			children = (
				3FA41E4826BC2E2600A43303 /* MessengerApp.app */,
				3FA41E6126BC2E2900A43303 /* MessengerAppTests.xctest */,
				3FA41E6C26BC2E2900A43303 /* MessengerAppUITests.xctest */,
			);
			name = Products;
			sourceTree = "<group>";
		};
		3FA41E4A26BC2E2600A43303 /* MessengerApp */ = {
			isa = PBXGroup;
			children = (
				3FA41E4F26BC2E2600A43303 /* ViewController.swift */,
				3FA41E8426BC2F5600A43303 /* Controllers */,
				3FA41E5426BC2E2600A43303 /* MessengerApp.xcdatamodeld */,
				3FA41E5C26BC2E2900A43303 /* Info.plist */,
				3FA41F1426C1617000A43303 /* GoogleService-Info.plist */,
			);
			path = MessengerApp;
			sourceTree = "<group>";
		};
		3FA41E6426BC2E2900A43303 /* MessengerAppTests */ = {
			isa = PBXGroup;
			children = (
				3FA41E6526BC2E2900A43303 /* MessengerAppTests.swift */,
				3FA41E6726BC2E2900A43303 /* Info.plist */,
			);
			path = MessengerAppTests;
			sourceTree = "<group>";
		};
		3FA41E6F26BC2E2900A43303 /* MessengerAppUITests */ = {
			isa = PBXGroup;
			children = (
				3FA41E7026BC2E2900A43303 /* MessengerAppUITests.swift */,
				3FA41E7226BC2E2900A43303 /* Info.plist */,
			);
			path = MessengerAppUITests;
			sourceTree = "<group>";
		};
		3FA41E8426BC2F5600A43303 /* Controllers */ = {
			isa = PBXGroup;
			children = (
				3FA41E8A26BC30AA00A43303 /* ProfileViewController.swift */,
				3FD5872F26F25FA700CBF688 /* ChatViewController.swift */,
				3FAABC92275748E600975141 /* ChatModels.swift */,
				3FAABC942757497A00975141 /* SearchResult.swift */,
				3F6ECC97275227910024B094 /* LocationPickerViewController.swift */,
				3FC6D064273466210056927D /* WelcomeViewController.swift */,
				3FAABC902757488B00975141 /* ConversationModels.swift */,
				3FD5875627060A5C00CBF688 /* StorageManager.swift */,
				3FA41E9726BC30DD00A43303 /* NewConversationViewController.swift */,
				3F6ECC95274E24580024B094 /* NewConversationCell.swift */,
				3FA41E9C26BC30F700A43303 /* PhotoViwerViewController.swift */,
				3FA41E8526BC2F8200A43303 /* Login */,
			);
			path = Controllers;
			sourceTree = "<group>";
		};
		3FA41E8526BC2F8200A43303 /* Login */ = {
			isa = PBXGroup;
			children = (
				3FA41EA126BC310C00A43303 /* LoginViewController.swift */,
				3FC6D06C273480690056927D /* WelcomeTableViewCell.swift */,
				3FA41EA626BC312600A43303 /* RegisterViewController.swift */,
				3FA41E8626BC2F9200A43303 /* Resources */,
			);
			path = Login;
			sourceTree = "<group>";
		};
		3FA41E8626BC2F9200A43303 /* Resources */ = {
			isa = PBXGroup;
			children = (
				3FA41E4B26BC2E2600A43303 /* AppDelegate.swift */,
				3FA41F1926C2CCE100A43303 /* DatabaseManager.swift */,
				3FA41E4D26BC2E2600A43303 /* SceneDelegate.swift */,
				3FA41EBB26BC325B00A43303 /* Extensions.swift */,
				3FA41E8826BC2FBB00A43303 /* ViewModel */,
			);
			path = Resources;
			sourceTree = "<group>";
		};
		3FA41E8826BC2FBB00A43303 /* ViewModel */ = {
			isa = PBXGroup;
			children = (
				3FA41E8926BC2FD000A43303 /* Views */,
			);
			path = ViewModel;
			sourceTree = "<group>";
		};
		3FA41E8926BC2FD000A43303 /* Views */ = {
			isa = PBXGroup;
			children = (
				3FA41E5126BC2E2600A43303 /* Main.storyboard */,
				3FA41E5726BC2E2900A43303 /* Assets.xcassets */,
				3FA41E5926BC2E2900A43303 /* LaunchScreen.storyboard */,
			);
			path = Views;
			sourceTree = "<group>";
		};
		C0EE933A43450FE9118E0C6F /* Pods */ = {
			isa = PBXGroup;
			children = (
				8823CC4D6F3CA38D14E62504 /* Pods-MessengerApp.debug.xcconfig */,
				F67EE31FDC0CAFB4AEDC8810 /* Pods-MessengerApp.release.xcconfig */,
			);
			path = Pods;
			sourceTree = "<group>";
		};
/* End PBXGroup section */

/* Begin PBXNativeTarget section */
		3FA41E4726BC2E2600A43303 /* MessengerApp */ = {
			isa = PBXNativeTarget;
			buildConfigurationList = 3FA41E7526BC2E2900A43303 /* Build configuration list for PBXNativeTarget "MessengerApp" */;
			buildPhases = (
				846F68E93AEFA64E223D6AB9 /* [CP] Check Pods Manifest.lock */,
				3FA41E4426BC2E2600A43303 /* Sources */,
				3FA41E4526BC2E2600A43303 /* Frameworks */,
				3FA41E4626BC2E2600A43303 /* Resources */,
				2C3D044CBD103320B114A1CE /* [CP] Embed Pods Frameworks */,
				3F0DE6532754FD220094D087 /* ShellScript */,
			);
			buildRules = (
			);
			dependencies = (
			);
			name = MessengerApp;
			productName = MessengerApp;
			productReference = 3FA41E4826BC2E2600A43303 /* MessengerApp.app */;
			productType = "com.apple.product-type.application";
		};
		3FA41E6026BC2E2900A43303 /* MessengerAppTests */ = {
			isa = PBXNativeTarget;
			buildConfigurationList = 3FA41E7826BC2E2900A43303 /* Build configuration list for PBXNativeTarget "MessengerAppTests" */;
			buildPhases = (
				3FA41E5D26BC2E2900A43303 /* Sources */,
				3FA41E5E26BC2E2900A43303 /* Frameworks */,
				3FA41E5F26BC2E2900A43303 /* Resources */,
			);
			buildRules = (
			);
			dependencies = (
				3FA41E6326BC2E2900A43303 /* PBXTargetDependency */,
			);
			name = MessengerAppTests;
			productName = MessengerAppTests;
			productReference = 3FA41E6126BC2E2900A43303 /* MessengerAppTests.xctest */;
			productType = "com.apple.product-type.bundle.unit-test";
		};
		3FA41E6B26BC2E2900A43303 /* MessengerAppUITests */ = {
			isa = PBXNativeTarget;
			buildConfigurationList = 3FA41E7B26BC2E2900A43303 /* Build configuration list for PBXNativeTarget "MessengerAppUITests" */;
			buildPhases = (
				3FA41E6826BC2E2900A43303 /* Sources */,
				3FA41E6926BC2E2900A43303 /* Frameworks */,
				3FA41E6A26BC2E2900A43303 /* Resources */,
			);
			buildRules = (
			);
			dependencies = (
				3FA41E6E26BC2E2900A43303 /* PBXTargetDependency */,
			);
			name = MessengerAppUITests;
			productName = MessengerAppUITests;
			productReference = 3FA41E6C26BC2E2900A43303 /* MessengerAppUITests.xctest */;
			productType = "com.apple.product-type.bundle.ui-testing";
		};
/* End PBXNativeTarget section */

/* Begin PBXProject section */
		3FA41E4026BC2E2600A43303 /* Project object */ = {
			isa = PBXProject;
			attributes = {
				LastSwiftUpdateCheck = 1200;
				LastUpgradeCheck = 1200;
				TargetAttributes = {
					3FA41E4726BC2E2600A43303 = {
						CreatedOnToolsVersion = 12.0.1;
					};
					3FA41E6026BC2E2900A43303 = {
						CreatedOnToolsVersion = 12.0.1;
						TestTargetID = 3FA41E4726BC2E2600A43303;
					};
					3FA41E6B26BC2E2900A43303 = {
						CreatedOnToolsVersion = 12.0.1;
						TestTargetID = 3FA41E4726BC2E2600A43303;
					};
				};
			};
			buildConfigurationList = 3FA41E4326BC2E2600A43303 /* Build configuration list for PBXProject "MessengerApp" */;
			compatibilityVersion = "Xcode 9.3";
			developmentRegion = en;
			hasScannedForEncodings = 0;
			knownRegions = (
				en,
				Base,
			);
			mainGroup = 3FA41E3F26BC2E2600A43303;
			productRefGroup = 3FA41E4926BC2E2600A43303 /* Products */;
			projectDirPath = "";
			projectRoot = "";
			targets = (
				3FA41E4726BC2E2600A43303 /* MessengerApp */,
				3FA41E6026BC2E2900A43303 /* MessengerAppTests */,
				3FA41E6B26BC2E2900A43303 /* MessengerAppUITests */,
			);
		};
/* End PBXProject section */

/* Begin PBXResourcesBuildPhase section */
		3FA41E4626BC2E2600A43303 /* Resources */ = {
			isa = PBXResourcesBuildPhase;
			buildActionMask = 2147483647;
			files = (
				3FA41E5B26BC2E2900A43303 /* LaunchScreen.storyboard in Resources */,
				3FA41F1526C1617000A43303 /* GoogleService-Info.plist in Resources */,
				3FA41E5826BC2E2900A43303 /* Assets.xcassets in Resources */,
				3FA41E5326BC2E2600A43303 /* Main.storyboard in Resources */,
			);
			runOnlyForDeploymentPostprocessing = 0;
		};
		3FA41E5F26BC2E2900A43303 /* Resources */ = {
			isa = PBXResourcesBuildPhase;
			buildActionMask = 2147483647;
			files = (
			);
			runOnlyForDeploymentPostprocessing = 0;
		};
		3FA41E6A26BC2E2900A43303 /* Resources */ = {
			isa = PBXResourcesBuildPhase;
			buildActionMask = 2147483647;
			files = (
			);
			runOnlyForDeploymentPostprocessing = 0;
		};
/* End PBXResourcesBuildPhase section */

/* Begin PBXShellScriptBuildPhase section */
		2C3D044CBD103320B114A1CE /* [CP] Embed Pods Frameworks */ = {
			isa = PBXShellScriptBuildPhase;
			buildActionMask = 2147483647;
			files = (
			);
			inputFileListPaths = (
				"${PODS_ROOT}/Target Support Files/Pods-MessengerApp/Pods-MessengerApp-frameworks-${CONFIGURATION}-input-files.xcfilelist",
			);
			name = "[CP] Embed Pods Frameworks";
			outputFileListPaths = (
				"${PODS_ROOT}/Target Support Files/Pods-MessengerApp/Pods-MessengerApp-frameworks-${CONFIGURATION}-output-files.xcfilelist",
			);
			runOnlyForDeploymentPostprocessing = 0;
			shellPath = /bin/sh;
			shellScript = "\"${PODS_ROOT}/Target Support Files/Pods-MessengerApp/Pods-MessengerApp-frameworks.sh\"\n";
			showEnvVarsInLog = 0;
		};
		3F0DE6532754FD220094D087 /* ShellScript */ = {
			isa = PBXShellScriptBuildPhase;
			alwaysOutOfDate = 1;
			buildActionMask = 2147483647;
			files = (
			);
			inputFileListPaths = (
			);
			inputPaths = (
				"\"${DWARF_DSYM_FOLDER_PATH}/${DWARF_DSYM_FILE_NAME}/Contents/Resources/DWARF/${TARGET_NAME}\"",
				"\"$(SRCROOT)/$(BUILT_PRODUCTS_DIR)/$(INFOPLIST_PATH)\"",
				"\"${PROJECT_DIR}/Firbase/Dev/GoogleService-Info.plist\" -p ios",
			);
			outputFileListPaths = (
			);
			outputPaths = (
			);
			runOnlyForDeploymentPostprocessing = 0;
			shellPath = /bin/sh;
			shellScript = "
";
		};
		846F68E93AEFA64E223D6AB9 /* [CP] Check Pods Manifest.lock */ = {
			isa = PBXShellScriptBuildPhase;
			buildActionMask = 2147483647;
			files = (
			);
			inputFileListPaths = (
			);
			inputPaths = (
				"${PODS_PODFILE_DIR_PATH}/Podfile.lock",
				"${PODS_ROOT}/Manifest.lock",
			);
			name = "[CP] Check Pods Manifest.lock";
			outputFileListPaths = (
			);
			outputPaths = (
				"$(DERIVED_FILE_DIR)/Pods-MessengerApp-checkManifestLockResult.txt",
			);
			runOnlyForDeploymentPostprocessing = 0;
			shellPath = /bin/sh;
			shellScript = "diff \"${PODS_PODFILE_DIR_PATH}/Podfile.lock\" \"${PODS_ROOT}/Manifest.lock\" > /dev/null\nif [ $? != 0 ] ; then\n    # print error to STDERR\n    echo \"error: The sandbox is not in sync with the Podfile.lock. Run 'pod install' or update your CocoaPods installation.\" >&2\n    exit 1\nfi\n# This output is used by Xcode 'outputs' to avoid re-running this script phase.\necho \"SUCCESS\" > \"${SCRIPT_OUTPUT_FILE_0}\"\n";
			showEnvVarsInLog = 0;
		};
/* End PBXShellScriptBuildPhase section */

/* Begin PBXSourcesBuildPhase section */
		3FA41E4426BC2E2600A43303 /* Sources */ = {
			isa = PBXSourcesBuildPhase;
			buildActionMask = 2147483647;
			files = (
				3FA41EA226BC310C00A43303 /* LoginViewController.swift in Sources */,
				3FAABC952757497A00975141 /* SearchResult.swift in Sources */,
				3F6ECC98275227910024B094 /* LocationPickerViewController.swift in Sources */,
				3FA41EA726BC312600A43303 /* RegisterViewController.swift in Sources */,
				3FA41F1A26C2CCE100A43303 /* DatabaseManager.swift in Sources */,
				3FA41E5026BC2E2600A43303 /* ViewController.swift in Sources */,
				3FC6D06D2734806A0056927D /* WelcomeTableViewCell.swift in Sources */,
				3FA41E9826BC30DD00A43303 /* NewConversationViewController.swift in Sources */,
				3FAABC912757488B00975141 /* ConversationModels.swift in Sources */,
				3FC6D065273466210056927D /* WelcomeViewController.swift in Sources */,
				3FA41E4C26BC2E2600A43303 /* AppDelegate.swift in Sources */,
				3FA41E8B26BC30AA00A43303 /* ProfileViewController.swift in Sources */,
				3FAABC93275748E600975141 /* ChatModels.swift in Sources */,
				3FA41EBC26BC325B00A43303 /* Extensions.swift in Sources */,
				3FD5873026F25FA700CBF688 /* ChatViewController.swift in Sources */,
				3FA41E4E26BC2E2600A43303 /* SceneDelegate.swift in Sources */,
				3FD5875727060A5C00CBF688 /* StorageManager.swift in Sources */,
				3FA41E5626BC2E2600A43303 /* MessengerApp.xcdatamodeld in Sources */,
				3FA41E9D26BC30F700A43303 /* PhotoViwerViewController.swift in Sources */,
				3F6ECC96274E24590024B094 /* NewConversationCell.swift in Sources */,
			);
			runOnlyForDeploymentPostprocessing = 0;
		};
		3FA41E5D26BC2E2900A43303 /* Sources */ = {
			isa = PBXSourcesBuildPhase;
			buildActionMask = 2147483647;
			files = (
				3FA41E6626BC2E2900A43303 /* MessengerAppTests.swift in Sources */,
			);
			runOnlyForDeploymentPostprocessing = 0;
		};
		3FA41E6826BC2E2900A43303 /* Sources */ = {
			isa = PBXSourcesBuildPhase;
			buildActionMask = 2147483647;
			files = (
				3FA41E7126BC2E2900A43303 /* MessengerAppUITests.swift in Sources */,
			);
			runOnlyForDeploymentPostprocessing = 0;
		};
/* End PBXSourcesBuildPhase section */

/* Begin PBXTargetDependency section */
		3FA41E6326BC2E2900A43303 /* PBXTargetDependency */ = {
			isa = PBXTargetDependency;
			target = 3FA41E4726BC2E2600A43303 /* MessengerApp */;
			targetProxy = 3FA41E6226BC2E2900A43303 /* PBXContainerItemProxy */;
		};
		3FA41E6E26BC2E2900A43303 /* PBXTargetDependency */ = {
			isa = PBXTargetDependency;
			target = 3FA41E4726BC2E2600A43303 /* MessengerApp */;
			targetProxy = 3FA41E6D26BC2E2900A43303 /* PBXContainerItemProxy */;
		};
/* End PBXTargetDependency section */

/* Begin PBXVariantGroup section */
		3FA41E5126BC2E2600A43303 /* Main.storyboard */ = {
			isa = PBXVariantGroup;
			children = (
				3FA41E5226BC2E2600A43303 /* Base */,
			);
			name = Main.storyboard;
			sourceTree = "<group>";
		};
		3FA41E5926BC2E2900A43303 /* LaunchScreen.storyboard */ = {
			isa = PBXVariantGroup;
			children = (
				3FA41E5A26BC2E2900A43303 /* Base */,
			);
			name = LaunchScreen.storyboard;
			sourceTree = "<group>";
		};
/* End PBXVariantGroup section */

/* Begin XCBuildConfiguration section */
		3FA41E7326BC2E2900A43303 /* Debug */ = {
			isa = XCBuildConfiguration;
			buildSettings = {
				ALWAYS_SEARCH_USER_PATHS = NO;
				CLANG_ANALYZER_NONNULL = YES;
				CLANG_ANALYZER_NUMBER_OBJECT_CONVERSION = YES_AGGRESSIVE;
				CLANG_CXX_LANGUAGE_STANDARD = "gnu++14";
				CLANG_CXX_LIBRARY = "libc++";
				CLANG_ENABLE_MODULES = YES;
				CLANG_ENABLE_OBJC_ARC = YES;
				CLANG_ENABLE_OBJC_WEAK = YES;
				CLANG_WARN_BLOCK_CAPTURE_AUTORELEASING = YES;
				CLANG_WARN_BOOL_CONVERSION = YES;
				CLANG_WARN_COMMA = YES;
				CLANG_WARN_CONSTANT_CONVERSION = YES;
				CLANG_WARN_DEPRECATED_OBJC_IMPLEMENTATIONS = YES;
				CLANG_WARN_DIRECT_OBJC_ISA_USAGE = YES_ERROR;
				CLANG_WARN_DOCUMENTATION_COMMENTS = YES;
				CLANG_WARN_EMPTY_BODY = YES;
				CLANG_WARN_ENUM_CONVERSION = YES;
				CLANG_WARN_INFINITE_RECURSION = YES;
				CLANG_WARN_INT_CONVERSION = YES;
				CLANG_WARN_NON_LITERAL_NULL_CONVERSION = YES;
				CLANG_WARN_OBJC_IMPLICIT_RETAIN_SELF = YES;
				CLANG_WARN_OBJC_LITERAL_CONVERSION = YES;
				CLANG_WARN_OBJC_ROOT_CLASS = YES_ERROR;
				CLANG_WARN_QUOTED_INCLUDE_IN_FRAMEWORK_HEADER = YES;
				CLANG_WARN_RANGE_LOOP_ANALYSIS = YES;
				CLANG_WARN_STRICT_PROTOTYPES = YES;
				CLANG_WARN_SUSPICIOUS_MOVE = YES;
				CLANG_WARN_UNGUARDED_AVAILABILITY = YES_AGGRESSIVE;
				CLANG_WARN_UNREACHABLE_CODE = YES;
				CLANG_WARN__DUPLICATE_METHOD_MATCH = YES;
				COPY_PHASE_STRIP = NO;
				DEBUG_INFORMATION_FORMAT = dwarf;
				ENABLE_STRICT_OBJC_MSGSEND = YES;
				ENABLE_TESTABILITY = YES;
				GCC_C_LANGUAGE_STANDARD = gnu11;
				GCC_DYNAMIC_NO_PIC = NO;
				GCC_NO_COMMON_BLOCKS = YES;
				GCC_OPTIMIZATION_LEVEL = 0;
				GCC_PREPROCESSOR_DEFINITIONS = (
					"DEBUG=1",
					"$(inherited)",
				);
				GCC_WARN_64_TO_32_BIT_CONVERSION = YES;
				GCC_WARN_ABOUT_RETURN_TYPE = YES_ERROR;
				GCC_WARN_UNDECLARED_SELECTOR = YES;
				GCC_WARN_UNINITIALIZED_AUTOS = YES_AGGRESSIVE;
				GCC_WARN_UNUSED_FUNCTION = YES;
				GCC_WARN_UNUSED_VARIABLE = YES;
				IPHONEOS_DEPLOYMENT_TARGET = 14.0;
				MTL_ENABLE_DEBUG_INFO = INCLUDE_SOURCE;
				MTL_FAST_MATH = YES;
				ONLY_ACTIVE_ARCH = YES;
				SDKROOT = iphoneos;
				SWIFT_ACTIVE_COMPILATION_CONDITIONS = DEBUG;
				SWIFT_OPTIMIZATION_LEVEL = "-Onone";
			};
			name = Debug;
		};
		3FA41E7426BC2E2900A43303 /* Release */ = {
			isa = XCBuildConfiguration;
			buildSettings = {
				ALWAYS_SEARCH_USER_PATHS = NO;
				CLANG_ANALYZER_NONNULL = YES;
				CLANG_ANALYZER_NUMBER_OBJECT_CONVERSION = YES_AGGRESSIVE;
				CLANG_CXX_LANGUAGE_STANDARD = "gnu++14";
				CLANG_CXX_LIBRARY = "libc++";
				CLANG_ENABLE_MODULES = YES;
				CLANG_ENABLE_OBJC_ARC = YES;
				CLANG_ENABLE_OBJC_WEAK = YES;
				CLANG_WARN_BLOCK_CAPTURE_AUTORELEASING = YES;
				CLANG_WARN_BOOL_CONVERSION = YES;
				CLANG_WARN_COMMA = YES;
				CLANG_WARN_CONSTANT_CONVERSION = YES;
				CLANG_WARN_DEPRECATED_OBJC_IMPLEMENTATIONS = YES;
				CLANG_WARN_DIRECT_OBJC_ISA_USAGE = YES_ERROR;
				CLANG_WARN_DOCUMENTATION_COMMENTS = YES;
				CLANG_WARN_EMPTY_BODY = YES;
				CLANG_WARN_ENUM_CONVERSION = YES;
				CLANG_WARN_INFINITE_RECURSION = YES;
				CLANG_WARN_INT_CONVERSION = YES;
				CLANG_WARN_NON_LITERAL_NULL_CONVERSION = YES;
				CLANG_WARN_OBJC_IMPLICIT_RETAIN_SELF = YES;
				CLANG_WARN_OBJC_LITERAL_CONVERSION = YES;
				CLANG_WARN_OBJC_ROOT_CLASS = YES_ERROR;
				CLANG_WARN_QUOTED_INCLUDE_IN_FRAMEWORK_HEADER = YES;
				CLANG_WARN_RANGE_LOOP_ANALYSIS = YES;
				CLANG_WARN_STRICT_PROTOTYPES = YES;
				CLANG_WARN_SUSPICIOUS_MOVE = YES;
				CLANG_WARN_UNGUARDED_AVAILABILITY = YES_AGGRESSIVE;
				CLANG_WARN_UNREACHABLE_CODE = YES;
				CLANG_WARN__DUPLICATE_METHOD_MATCH = YES;
				COPY_PHASE_STRIP = NO;
				DEBUG_INFORMATION_FORMAT = "dwarf-with-dsym";
				ENABLE_NS_ASSERTIONS = NO;
				ENABLE_STRICT_OBJC_MSGSEND = YES;
				GCC_C_LANGUAGE_STANDARD = gnu11;
				GCC_NO_COMMON_BLOCKS = YES;
				GCC_WARN_64_TO_32_BIT_CONVERSION = YES;
				GCC_WARN_ABOUT_RETURN_TYPE = YES_ERROR;
				GCC_WARN_UNDECLARED_SELECTOR = YES;
				GCC_WARN_UNINITIALIZED_AUTOS = YES_AGGRESSIVE;
				GCC_WARN_UNUSED_FUNCTION = YES;
				GCC_WARN_UNUSED_VARIABLE = YES;
				IPHONEOS_DEPLOYMENT_TARGET = 14.0;
				MTL_ENABLE_DEBUG_INFO = NO;
				MTL_FAST_MATH = YES;
				SDKROOT = iphoneos;
				SWIFT_COMPILATION_MODE = wholemodule;
				SWIFT_OPTIMIZATION_LEVEL = "-O";
				VALIDATE_PRODUCT = YES;
			};
			name = Release;
		};
		3FA41E7626BC2E2900A43303 /* Debug */ = {
			isa = XCBuildConfiguration;
			baseConfigurationReference = 8823CC4D6F3CA38D14E62504 /* Pods-MessengerApp.debug.xcconfig */;
			buildSettings = {
				ASSETCATALOG_COMPILER_APPICON_NAME = AppIcon;
				ASSETCATALOG_COMPILER_GLOBAL_ACCENT_COLOR_NAME = AccentColor;
				CODE_SIGN_STYLE = Automatic;
				DEBUG_INFORMATION_FORMAT = "dwarf-with-dsym";
				DEVELOPMENT_TEAM = N6CSQ2SD78;
				INFOPLIST_FILE = MessengerApp/Info.plist;
				LD_RUNPATH_SEARCH_PATHS = (
					"$(inherited)",
					"@executable_path/Frameworks",
				);
				PRODUCT_BUNDLE_IDENTIFIER = com.chukwuemekajennifer.MessengerApp;
				PRODUCT_NAME = "$(TARGET_NAME)";
				SWIFT_VERSION = 5.0;
				TARGETED_DEVICE_FAMILY = 1;
			};
			name = Debug;
		};
		3FA41E7726BC2E2900A43303 /* Release */ = {
			isa = XCBuildConfiguration;
			baseConfigurationReference = F67EE31FDC0CAFB4AEDC8810 /* Pods-MessengerApp.release.xcconfig */;
			buildSettings = {
				ASSETCATALOG_COMPILER_APPICON_NAME = AppIcon;
				ASSETCATALOG_COMPILER_GLOBAL_ACCENT_COLOR_NAME = AccentColor;
				CODE_SIGN_STYLE = Automatic;
				DEVELOPMENT_TEAM = N6CSQ2SD78;
				INFOPLIST_FILE = MessengerApp/Info.plist;
				LD_RUNPATH_SEARCH_PATHS = (
					"$(inherited)",
					"@executable_path/Frameworks",
				);
				PRODUCT_BUNDLE_IDENTIFIER = com.chukwuemekajennifer.MessengerApp;
				PRODUCT_NAME = "$(TARGET_NAME)";
				SWIFT_VERSION = 5.0;
				TARGETED_DEVICE_FAMILY = 1;
			};
			name = Release;
		};
		3FA41E7926BC2E2900A43303 /* Debug */ = {
			isa = XCBuildConfiguration;
			buildSettings = {
				ALWAYS_EMBED_SWIFT_STANDARD_LIBRARIES = YES;
				BUNDLE_LOADER = "$(TEST_HOST)";
				CODE_SIGN_STYLE = Automatic;
				DEVELOPMENT_TEAM = N6CSQ2SD78;
				INFOPLIST_FILE = MessengerAppTests/Info.plist;
				IPHONEOS_DEPLOYMENT_TARGET = 14.0;
				LD_RUNPATH_SEARCH_PATHS = (
					"$(inherited)",
					"@executable_path/Frameworks",
					"@loader_path/Frameworks",
				);
				PRODUCT_BUNDLE_IDENTIFIER = com.chukwuemekajennifer.MessengerAppTests;
				PRODUCT_NAME = "$(TARGET_NAME)";
				SWIFT_VERSION = 5.0;
				TARGETED_DEVICE_FAMILY = "1,2";
				TEST_HOST = "$(BUILT_PRODUCTS_DIR)/MessengerApp.app/MessengerApp";
			};
			name = Debug;
		};
		3FA41E7A26BC2E2900A43303 /* Release */ = {
			isa = XCBuildConfiguration;
			buildSettings = {
				ALWAYS_EMBED_SWIFT_STANDARD_LIBRARIES = YES;
				BUNDLE_LOADER = "$(TEST_HOST)";
				CODE_SIGN_STYLE = Automatic;
				DEVELOPMENT_TEAM = N6CSQ2SD78;
				INFOPLIST_FILE = MessengerAppTests/Info.plist;
				IPHONEOS_DEPLOYMENT_TARGET = 14.0;
				LD_RUNPATH_SEARCH_PATHS = (
					"$(inherited)",
					"@executable_path/Frameworks",
					"@loader_path/Frameworks",
				);
				PRODUCT_BUNDLE_IDENTIFIER = com.chukwuemekajennifer.MessengerAppTests;
				PRODUCT_NAME = "$(TARGET_NAME)";
				SWIFT_VERSION = 5.0;
				TARGETED_DEVICE_FAMILY = "1,2";
				TEST_HOST = "$(BUILT_PRODUCTS_DIR)/MessengerApp.app/MessengerApp";
			};
			name = Release;
		};
		3FA41E7C26BC2E2900A43303 /* Debug */ = {
			isa = XCBuildConfiguration;
			buildSettings = {
				ALWAYS_EMBED_SWIFT_STANDARD_LIBRARIES = YES;
				CODE_SIGN_STYLE = Automatic;
				DEVELOPMENT_TEAM = N6CSQ2SD78;
				INFOPLIST_FILE = MessengerAppUITests/Info.plist;
				LD_RUNPATH_SEARCH_PATHS = (
					"$(inherited)",
					"@executable_path/Frameworks",
					"@loader_path/Frameworks",
				);
				PRODUCT_BUNDLE_IDENTIFIER = com.chukwuemekajennifer.MessengerAppUITests;
				PRODUCT_NAME = "$(TARGET_NAME)";
				SWIFT_VERSION = 5.0;
				TARGETED_DEVICE_FAMILY = "1,2";
				TEST_TARGET_NAME = MessengerApp;
			};
			name = Debug;
		};
		3FA41E7D26BC2E2900A43303 /* Release */ = {
			isa = XCBuildConfiguration;
			buildSettings = {
				ALWAYS_EMBED_SWIFT_STANDARD_LIBRARIES = YES;
				CODE_SIGN_STYLE = Automatic;
				DEVELOPMENT_TEAM = N6CSQ2SD78;
				INFOPLIST_FILE = MessengerAppUITests/Info.plist;
				LD_RUNPATH_SEARCH_PATHS = (
					"$(inherited)",
					"@executable_path/Frameworks",
					"@loader_path/Frameworks",
				);
				PRODUCT_BUNDLE_IDENTIFIER = com.chukwuemekajennifer.MessengerAppUITests;
				PRODUCT_NAME = "$(TARGET_NAME)";
				SWIFT_VERSION = 5.0;
				TARGETED_DEVICE_FAMILY = "1,2";
				TEST_TARGET_NAME = MessengerApp;
			};
			name = Release;
		};
/* End XCBuildConfiguration section */

/* Begin XCConfigurationList section */
		3FA41E4326BC2E2600A43303 /* Build configuration list for PBXProject "MessengerApp" */ = {
			isa = XCConfigurationList;
			buildConfigurations = (
				3FA41E7326BC2E2900A43303 /* Debug */,
				3FA41E7426BC2E2900A43303 /* Release */,
			);
			defaultConfigurationIsVisible = 0;
			defaultConfigurationName = Release;
		};
		3FA41E7526BC2E2900A43303 /* Build configuration list for PBXNativeTarget "MessengerApp" */ = {
			isa = XCConfigurationList;
			buildConfigurations = (
				3FA41E7626BC2E2900A43303 /* Debug */,
				3FA41E7726BC2E2900A43303 /* Release */,
			);
			defaultConfigurationIsVisible = 0;
			defaultConfigurationName = Release;
		};
		3FA41E7826BC2E2900A43303 /* Build configuration list for PBXNativeTarget "MessengerAppTests" */ = {
			isa = XCConfigurationList;
			buildConfigurations = (
				3FA41E7926BC2E2900A43303 /* Debug */,
				3FA41E7A26BC2E2900A43303 /* Release */,
			);
			defaultConfigurationIsVisible = 0;
			defaultConfigurationName = Release;
		};
		3FA41E7B26BC2E2900A43303 /* Build configuration list for PBXNativeTarget "MessengerAppUITests" */ = {
			isa = XCConfigurationList;
			buildConfigurations = (
				3FA41E7C26BC2E2900A43303 /* Debug */,
				3FA41E7D26BC2E2900A43303 /* Release */,
			);
			defaultConfigurationIsVisible = 0;
			defaultConfigurationName = Release;
		};
/* End XCConfigurationList section */

/* Begin XCVersionGroup section */
		3FA41E5426BC2E2600A43303 /* MessengerApp.xcdatamodeld */ = {
			isa = XCVersionGroup;
			children = (
				3FA41E5526BC2E2600A43303 /* MessengerApp.xcdatamodel */,
			);
			currentVersion = 3FA41E5526BC2E2600A43303 /* MessengerApp.xcdatamodel */;
			path = MessengerApp.xcdatamodeld;
			sourceTree = "<group>";
			versionGroupType = wrapper.xcdatamodel;
		};
/* End XCVersionGroup section */
	};
	rootObject = 3FA41E4026BC2E2600A43303 /* Project object */;
}
